
Microsoft Visual Studio Solution File, Format Version 12.00
# Visual Studio 2013
VisualStudioVersion = 12.0.21005.1
MinimumVisualStudioVersion = 10.0.40219.1
Project("{FAE04EC0-301F-11D3-BF4B-00C04F79EFBC}") = "Snap", "Snap\Snap.csproj", "{C1B09D15-F861-48F4-8DA3-FEC0E03CA0FC}"
EndProject
Project("{FAE04EC0-301F-11D3-BF4B-00C04F79EFBC}") = "Snap.Autofac", "Snap.Autofac\Snap.Autofac.csproj", "{47681067-0B27-4B18-819C-0A2F3D0DB2D6}"
EndProject
Project("{FAE04EC0-301F-11D3-BF4B-00C04F79EFBC}") = "Snap.CastleWindsor", "Snap.CastleWindsor\Snap.CastleWindsor.csproj", "{D1102CFD-63B5-4587-AB70-AF59B7FB28E1}"
EndProject
Project("{FAE04EC0-301F-11D3-BF4B-00C04F79EFBC}") = "Snap.LinFu", "Snap.LinFu\Snap.LinFu.csproj", "{B6C02C50-E493-408C-9649-2872CB591FA0}"
EndProject
Project("{FAE04EC0-301F-11D3-BF4B-00C04F79EFBC}") = "Snap.Ninject", "Snap.Ninject\Snap.Ninject.csproj", "{C8C529ED-68D6-4877-9D1A-78E34AA1465F}"
EndProject
Project("{FAE04EC0-301F-11D3-BF4B-00C04F79EFBC}") = "Snap.StructureMap", "Snap.StructureMap\Snap.StructureMap.csproj", "{9B28439F-F207-4669-8C89-E5CD86098FCC}"
EndProject
Project("{FAE04EC0-301F-11D3-BF4B-00C04F79EFBC}") = "Snap.Tests", "Snap.Tests\Snap.Tests.csproj", "{3F3A6A53-D90C-41B6-88FF-D211DE0857D3}"
EndProject
Project("{2150E333-8FDC-42A3-9474-1A3956D46DE8}") = "NuGet", "NuGet", "{558C50A4-F5C9-4B52-8414-69E08CA86994}"
EndProject
Project("{2150E333-8FDC-42A3-9474-1A3956D46DE8}") = "Specs", "Specs", "{CF658F2A-8ACD-4328-85B4-122C9429D535}"
EndProject
Project("{2150E333-8FDC-42A3-9474-1A3956D46DE8}") = "Samples", "Samples", "{5EBFCC82-B3AE-4B51-AFC0-0BFFDD262DF7}"
EndProject
Project("{2150E333-8FDC-42A3-9474-1A3956D46DE8}") = ".nuget", ".nuget", "{84EE23F7-9EA4-42BD-97E5-BB208468631D}"
	ProjectSection(SolutionItems) = preProject
		.nuget\packages.config = .nuget\packages.config
	EndProjectSection
EndProject
Global
	GlobalSection(SolutionConfigurationPlatforms) = preSolution
		NET40-Debug|Any CPU = NET40-Debug|Any CPU
		NET40-Release|Any CPU = NET40-Release|Any CPU
		NET45-Debug|Any CPU = NET45-Debug|Any CPU
		NET45-Release|Any CPU = NET45-Release|Any CPU
	EndGlobalSection
	GlobalSection(ProjectConfigurationPlatforms) = postSolution
		{C1B09D15-F861-48F4-8DA3-FEC0E03CA0FC}.NET40-Debug|Any CPU.ActiveCfg = NET40-Debug|Any CPU
		{C1B09D15-F861-48F4-8DA3-FEC0E03CA0FC}.NET40-Debug|Any CPU.Build.0 = NET40-Debug|Any CPU
		{C1B09D15-F861-48F4-8DA3-FEC0E03CA0FC}.NET40-Release|Any CPU.ActiveCfg = NET40-Release|Any CPU
		{C1B09D15-F861-48F4-8DA3-FEC0E03CA0FC}.NET40-Release|Any CPU.Build.0 = NET40-Release|Any CPU
		{C1B09D15-F861-48F4-8DA3-FEC0E03CA0FC}.NET45-Debug|Any CPU.ActiveCfg = NET45-Debug|Any CPU
		{C1B09D15-F861-48F4-8DA3-FEC0E03CA0FC}.NET45-Debug|Any CPU.Build.0 = NET45-Debug|Any CPU
		{C1B09D15-F861-48F4-8DA3-FEC0E03CA0FC}.NET45-Release|Any CPU.ActiveCfg = NET45-Release|Any CPU
		{C1B09D15-F861-48F4-8DA3-FEC0E03CA0FC}.NET45-Release|Any CPU.Build.0 = NET45-Release|Any CPU
		{47681067-0B27-4B18-819C-0A2F3D0DB2D6}.NET40-Debug|Any CPU.ActiveCfg = NET40-Debug|Any CPU
		{47681067-0B27-4B18-819C-0A2F3D0DB2D6}.NET40-Debug|Any CPU.Build.0 = NET40-Debug|Any CPU
		{47681067-0B27-4B18-819C-0A2F3D0DB2D6}.NET40-Release|Any CPU.ActiveCfg = NET40-Release|Any CPU
		{47681067-0B27-4B18-819C-0A2F3D0DB2D6}.NET40-Release|Any CPU.Build.0 = NET40-Release|Any CPU
		{47681067-0B27-4B18-819C-0A2F3D0DB2D6}.NET45-Debug|Any CPU.ActiveCfg = NET45-Debug|Any CPU
		{47681067-0B27-4B18-819C-0A2F3D0DB2D6}.NET45-Debug|Any CPU.Build.0 = NET45-Debug|Any CPU
		{47681067-0B27-4B18-819C-0A2F3D0DB2D6}.NET45-Release|Any CPU.ActiveCfg = NET45-Release|Any CPU
		{47681067-0B27-4B18-819C-0A2F3D0DB2D6}.NET45-Release|Any CPU.Build.0 = NET45-Release|Any CPU
		{D1102CFD-63B5-4587-AB70-AF59B7FB28E1}.NET40-Debug|Any CPU.ActiveCfg = NET40-Debug|Any CPU
		{D1102CFD-63B5-4587-AB70-AF59B7FB28E1}.NET40-Debug|Any CPU.Build.0 = NET40-Debug|Any CPU
		{D1102CFD-63B5-4587-AB70-AF59B7FB28E1}.NET40-Release|Any CPU.ActiveCfg = NET40-Release|Any CPU
		{D1102CFD-63B5-4587-AB70-AF59B7FB28E1}.NET40-Release|Any CPU.Build.0 = NET40-Release|Any CPU
		{D1102CFD-63B5-4587-AB70-AF59B7FB28E1}.NET45-Debug|Any CPU.ActiveCfg = NET45-Debug|Any CPU
		{D1102CFD-63B5-4587-AB70-AF59B7FB28E1}.NET45-Debug|Any CPU.Build.0 = NET45-Debug|Any CPU
		{D1102CFD-63B5-4587-AB70-AF59B7FB28E1}.NET45-Release|Any CPU.ActiveCfg = NET45-Release|Any CPU
		{D1102CFD-63B5-4587-AB70-AF59B7FB28E1}.NET45-Release|Any CPU.Build.0 = NET45-Release|Any CPU
		{B6C02C50-E493-408C-9649-2872CB591FA0}.NET40-Debug|Any CPU.ActiveCfg = NET40-Debug|Any CPU
		{B6C02C50-E493-408C-9649-2872CB591FA0}.NET40-Debug|Any CPU.Build.0 = NET40-Debug|Any CPU
		{B6C02C50-E493-408C-9649-2872CB591FA0}.NET40-Release|Any CPU.ActiveCfg = NET40-Release|Any CPU
		{B6C02C50-E493-408C-9649-2872CB591FA0}.NET40-Release|Any CPU.Build.0 = NET40-Release|Any CPU
		{B6C02C50-E493-408C-9649-2872CB591FA0}.NET45-Debug|Any CPU.ActiveCfg = NET45-Debug|Any CPU
		{B6C02C50-E493-408C-9649-2872CB591FA0}.NET45-Debug|Any CPU.Build.0 = NET45-Debug|Any CPU
		{B6C02C50-E493-408C-9649-2872CB591FA0}.NET45-Release|Any CPU.ActiveCfg = NET45-Release|Any CPU
		{B6C02C50-E493-408C-9649-2872CB591FA0}.NET45-Release|Any CPU.Build.0 = NET45-Release|Any CPU
		{C8C529ED-68D6-4877-9D1A-78E34AA1465F}.NET40-Debug|Any CPU.ActiveCfg = NET40-Debug|Any CPU
		{C8C529ED-68D6-4877-9D1A-78E34AA1465F}.NET40-Debug|Any CPU.Build.0 = NET40-Debug|Any CPU
		{C8C529ED-68D6-4877-9D1A-78E34AA1465F}.NET40-Release|Any CPU.ActiveCfg = NET40-Release|Any CPU
		{C8C529ED-68D6-4877-9D1A-78E34AA1465F}.NET40-Release|Any CPU.Build.0 = NET40-Release|Any CPU
		{C8C529ED-68D6-4877-9D1A-78E34AA1465F}.NET45-Debug|Any CPU.ActiveCfg = NET45-Debug|Any CPU
		{C8C529ED-68D6-4877-9D1A-78E34AA1465F}.NET45-Debug|Any CPU.Build.0 = NET45-Debug|Any CPU
		{C8C529ED-68D6-4877-9D1A-78E34AA1465F}.NET45-Release|Any CPU.ActiveCfg = NET45-Release|Any CPU
		{C8C529ED-68D6-4877-9D1A-78E34AA1465F}.NET45-Release|Any CPU.Build.0 = NET45-Release|Any CPU
		{9B28439F-F207-4669-8C89-E5CD86098FCC}.NET40-Debug|Any CPU.ActiveCfg = NET40-Debug|Any CPU
		{9B28439F-F207-4669-8C89-E5CD86098FCC}.NET40-Debug|Any CPU.Build.0 = NET40-Debug|Any CPU
		{9B28439F-F207-4669-8C89-E5CD86098FCC}.NET40-Release|Any CPU.ActiveCfg = NET40-Release|Any CPU
		{9B28439F-F207-4669-8C89-E5CD86098FCC}.NET40-Release|Any CPU.Build.0 = NET40-Release|Any CPU
		{9B28439F-F207-4669-8C89-E5CD86098FCC}.NET45-Debug|Any CPU.ActiveCfg = NET45-Debug|Any CPU
		{9B28439F-F207-4669-8C89-E5CD86098FCC}.NET45-Debug|Any CPU.Build.0 = NET45-Debug|Any CPU
		{9B28439F-F207-4669-8C89-E5CD86098FCC}.NET45-Release|Any CPU.ActiveCfg = NET45-Release|Any CPU
		{9B28439F-F207-4669-8C89-E5CD86098FCC}.NET45-Release|Any CPU.Build.0 = NET45-Release|Any CPU
		{3F3A6A53-D90C-41B6-88FF-D211DE0857D3}.NET40-Debug|Any CPU.ActiveCfg = NET40-Debug|Any CPU
		{3F3A6A53-D90C-41B6-88FF-D211DE0857D3}.NET40-Debug|Any CPU.Build.0 = NET40-Debug|Any CPU
		{3F3A6A53-D90C-41B6-88FF-D211DE0857D3}.NET40-Release|Any CPU.ActiveCfg = NET40-Release|Any CPU
		{3F3A6A53-D90C-41B6-88FF-D211DE0857D3}.NET40-Release|Any CPU.Build.0 = NET40-Release|Any CPU
		{3F3A6A53-D90C-41B6-88FF-D211DE0857D3}.NET45-Debug|Any CPU.ActiveCfg = NET45-Debug|Any CPU
		{3F3A6A53-D90C-41B6-88FF-D211DE0857D3}.NET45-Debug|Any CPU.Build.0 = NET45-Debug|Any CPU
		{3F3A6A53-D90C-41B6-88FF-D211DE0857D3}.NET45-Release|Any CPU.ActiveCfg = NET45-Release|Any CPU
		{3F3A6A53-D90C-41B6-88FF-D211DE0857D3}.NET45-Release|Any CPU.Build.0 = NET45-Release|Any CPU
	EndGlobalSection
	GlobalSection(SolutionProperties) = preSolution
		HideSolutionNode = FALSE
	EndGlobalSection
	GlobalSection(NestedProjects) = preSolution
		{CF658F2A-8ACD-4328-85B4-122C9429D535} = {558C50A4-F5C9-4B52-8414-69E08CA86994}
		{5EBFCC82-B3AE-4B51-AFC0-0BFFDD262DF7} = {558C50A4-F5C9-4B52-8414-69E08CA86994}
	EndGlobalSection
EndGlobal
